
Microsoft Visual Studio Solution File, Format Version 12.00
# Visual Studio Version 17
VisualStudioVersion = 17.4.33213.308
MinimumVisualStudioVersion = 10.0.40219.1
Project("{FAE04EC0-301F-11D3-BF4B-00C04F79EFBC}") = "UdemyToolkit", "UdemyToolkit\UdemyToolkit.csproj", "{0168F0DA-9A33-466A-A565-D4A8A1435ACB}"
EndProject
Global
	GlobalSection(SolutionConfigurationPlatforms) = preSolution
		Debug|Any CPU = Debug|Any CPU
		Release|Any CPU = Release|Any CPU
	EndGlobalSection
	GlobalSection(ProjectConfigurationPlatforms) = postSolution
		{0168F0DA-9A33-466A-A565-D4A8A1435ACB}.Debug|Any CPU.ActiveCfg = Debug|Any CPU
		{0168F0DA-9A33-466A-A565-D4A8A1435ACB}.Debug|Any CPU.Build.0 = Debug|Any CPU
		{0168F0DA-9A33-466A-A565-D4A8A1435ACB}.Release|Any CPU.ActiveCfg = Release|Any CPU
		{0168F0DA-9A33-466A-A565-D4A8A1435ACB}.Release|Any CPU.Build.0 = Release|Any CPU
	EndGlobalSection
	GlobalSection(SolutionProperties) = preSolution
		HideSolutionNode = FALSE
	EndGlobalSection
	GlobalSection(ExtensibilityGlobals) = postSolution
		SolutionGuid = {830484D6-9C35-4AE0-AC36-EC26CEA0B6B9}
	EndGlobalSection
EndGlobal
